// !$*UTF8*$!
{
	archiveVersion = 1;
	classes = {
	};
	objectVersion = 56;
	objects = {

/* Begin PBXBuildFile section */
		0D3E07322B9A93BC00A925F1 /* VistaInfo.swift in Sources */ = {isa = PBXBuildFile; fileRef = 0D3E07312B9A93BC00A925F1 /* VistaInfo.swift */; };
		0D3E07332B9A96D700A925F1 /* Montserrat-Bold.ttf in Resources */ = {isa = PBXBuildFile; fileRef = 0D3E072E2B9A935600A925F1 /* Montserrat-Bold.ttf */; };
		0D3E07342B9A96D900A925F1 /* Montserrat-Regular.ttf in Resources */ = {isa = PBXBuildFile; fileRef = 0D3E072F2B9A935600A925F1 /* Montserrat-Regular.ttf */; };
		0DD317452B9A250900F7B9D0 /* MobileNetV2Int8LUT.mlmodel in Sources */ = {isa = PBXBuildFile; fileRef = 0DD317442B9A250800F7B9D0 /* MobileNetV2Int8LUT.mlmodel */; };
		0DD3174B2B9A421300F7B9D0 /* barcode.mp3 in Resources */ = {isa = PBXBuildFile; fileRef = 0DD3174A2B9A421200F7B9D0 /* barcode.mp3 */; };
		6C3B32A02B97AA56000DE717 /* WaveAnimation.swift in Sources */ = {isa = PBXBuildFile; fileRef = 6C3B329F2B97AA56000DE717 /* WaveAnimation.swift */; };
		6C3B32A22B97C662000DE717 /* SIS1.swift in Sources */ = {isa = PBXBuildFile; fileRef = 6C3B32A12B97C662000DE717 /* SIS1.swift */; };
		6CF498462B926184006A9786 /* waterApp.swift in Sources */ = {isa = PBXBuildFile; fileRef = 6CF498452B926184006A9786 /* waterApp.swift */; };
		6CF498482B926184006A9786 /* ContentView.swift in Sources */ = {isa = PBXBuildFile; fileRef = 6CF498472B926184006A9786 /* ContentView.swift */; };
		6CF4984A2B926187006A9786 /* Assets.xcassets in Resources */ = {isa = PBXBuildFile; fileRef = 6CF498492B926187006A9786 /* Assets.xcassets */; };
		6CF4984D2B926187006A9786 /* Preview Assets.xcassets in Resources */ = {isa = PBXBuildFile; fileRef = 6CF4984C2B926187006A9786 /* Preview Assets.xcassets */; };
		6CF4984F2B926187006A9786 /* Persistence.swift in Sources */ = {isa = PBXBuildFile; fileRef = 6CF4984E2B926187006A9786 /* Persistence.swift */; };
		6CF498522B926187006A9786 /* water.xcdatamodeld in Sources */ = {isa = PBXBuildFile; fileRef = 6CF498502B926187006A9786 /* water.xcdatamodeld */; };
		6CF4985C2B926187006A9786 /* waterTests.swift in Sources */ = {isa = PBXBuildFile; fileRef = 6CF4985B2B926187006A9786 /* waterTests.swift */; };
		6CF498662B926187006A9786 /* waterUITests.swift in Sources */ = {isa = PBXBuildFile; fileRef = 6CF498652B926187006A9786 /* waterUITests.swift */; };
		6CF498682B926187006A9786 /* waterUITestsLaunchTests.swift in Sources */ = {isa = PBXBuildFile; fileRef = 6CF498672B926187006A9786 /* waterUITestsLaunchTests.swift */; };
		6CF4987B2B962B9B006A9786 /* SwiftUIAVCaptureVideoPreviewView.swift in Sources */ = {isa = PBXBuildFile; fileRef = 6CF4987A2B962B9B006A9786 /* SwiftUIAVCaptureVideoPreviewView.swift */; };
		6CF4987D2B962BCD006A9786 /* ActiveCameraView.swift in Sources */ = {isa = PBXBuildFile; fileRef = 6CF4987C2B962BCD006A9786 /* ActiveCameraView.swift */; };
		6CF4987F2B962BE5006A9786 /* Resnet50.mlmodel in Sources */ = {isa = PBXBuildFile; fileRef = 6CF4987E2B962BE5006A9786 /* Resnet50.mlmodel */; };
		6CF498812B962DCC006A9786 /* MenuView.swift in Sources */ = {isa = PBXBuildFile; fileRef = 6CF498802B962DCC006A9786 /* MenuView.swift */; };
/* End PBXBuildFile section */

/* Begin PBXContainerItemProxy section */
		6CF498582B926187006A9786 /* PBXContainerItemProxy */ = {
			isa = PBXContainerItemProxy;
			containerPortal = 6CF4983A2B926184006A9786 /* Project object */;
			proxyType = 1;
			remoteGlobalIDString = 6CF498412B926184006A9786;
			remoteInfo = water;
		};
		6CF498622B926187006A9786 /* PBXContainerItemProxy */ = {
			isa = PBXContainerItemProxy;
			containerPortal = 6CF4983A2B926184006A9786 /* Project object */;
			proxyType = 1;
			remoteGlobalIDString = 6CF498412B926184006A9786;
			remoteInfo = water;
		};
/* End PBXContainerItemProxy section */

/* Begin PBXFileReference section */
		0D3E072E2B9A935600A925F1 /* Montserrat-Bold.ttf */ = {isa = PBXFileReference; lastKnownFileType = file; name = "Montserrat-Bold.ttf"; path = "../Montserrat-Bold.ttf"; sourceTree = "<group>"; };
		0D3E072F2B9A935600A925F1 /* Montserrat-Regular.ttf */ = {isa = PBXFileReference; lastKnownFileType = file; name = "Montserrat-Regular.ttf"; path = "../Montserrat-Regular.ttf"; sourceTree = "<group>"; };
		0D3E07302B9A937200A925F1 /* Info.plist */ = {isa = PBXFileReference; lastKnownFileType = text.plist; path = Info.plist; sourceTree = "<group>"; };
		0D3E07312B9A93BC00A925F1 /* VistaInfo.swift */ = {isa = PBXFileReference; lastKnownFileType = sourcecode.swift; path = VistaInfo.swift; sourceTree = "<group>"; };
		0DD317442B9A250800F7B9D0 /* MobileNetV2Int8LUT.mlmodel */ = {isa = PBXFileReference; lastKnownFileType = file.mlmodel; path = MobileNetV2Int8LUT.mlmodel; sourceTree = "<group>"; };
		0DD3174A2B9A421200F7B9D0 /* barcode.mp3 */ = {isa = PBXFileReference; lastKnownFileType = audio.mp3; path = barcode.mp3; sourceTree = "<group>"; };
		6C3B329F2B97AA56000DE717 /* WaveAnimation.swift */ = {isa = PBXFileReference; lastKnownFileType = sourcecode.swift; path = WaveAnimation.swift; sourceTree = "<group>"; };
		6C3B32A12B97C662000DE717 /* SIS1.swift */ = {isa = PBXFileReference; lastKnownFileType = sourcecode.swift; path = SIS1.swift; sourceTree = "<group>"; };
		6CF498422B926184006A9786 /* water.app */ = {isa = PBXFileReference; explicitFileType = wrapper.application; includeInIndex = 0; path = water.app; sourceTree = BUILT_PRODUCTS_DIR; };
		6CF498452B926184006A9786 /* waterApp.swift */ = {isa = PBXFileReference; lastKnownFileType = sourcecode.swift; path = waterApp.swift; sourceTree = "<group>"; };
		6CF498472B926184006A9786 /* ContentView.swift */ = {isa = PBXFileReference; lastKnownFileType = sourcecode.swift; path = ContentView.swift; sourceTree = "<group>"; };
		6CF498492B926187006A9786 /* Assets.xcassets */ = {isa = PBXFileReference; lastKnownFileType = folder.assetcatalog; path = Assets.xcassets; sourceTree = "<group>"; };
		6CF4984C2B926187006A9786 /* Preview Assets.xcassets */ = {isa = PBXFileReference; lastKnownFileType = folder.assetcatalog; path = "Preview Assets.xcassets"; sourceTree = "<group>"; };
		6CF4984E2B926187006A9786 /* Persistence.swift */ = {isa = PBXFileReference; lastKnownFileType = sourcecode.swift; path = Persistence.swift; sourceTree = "<group>"; };
		6CF498512B926187006A9786 /* water.xcdatamodel */ = {isa = PBXFileReference; lastKnownFileType = wrapper.xcdatamodel; path = water.xcdatamodel; sourceTree = "<group>"; };
		6CF498572B926187006A9786 /* waterTests.xctest */ = {isa = PBXFileReference; explicitFileType = wrapper.cfbundle; includeInIndex = 0; path = waterTests.xctest; sourceTree = BUILT_PRODUCTS_DIR; };
		6CF4985B2B926187006A9786 /* waterTests.swift */ = {isa = PBXFileReference; lastKnownFileType = sourcecode.swift; path = waterTests.swift; sourceTree = "<group>"; };
		6CF498612B926187006A9786 /* waterUITests.xctest */ = {isa = PBXFileReference; explicitFileType = wrapper.cfbundle; includeInIndex = 0; path = waterUITests.xctest; sourceTree = BUILT_PRODUCTS_DIR; };
		6CF498652B926187006A9786 /* waterUITests.swift */ = {isa = PBXFileReference; lastKnownFileType = sourcecode.swift; path = waterUITests.swift; sourceTree = "<group>"; };
		6CF498672B926187006A9786 /* waterUITestsLaunchTests.swift */ = {isa = PBXFileReference; lastKnownFileType = sourcecode.swift; path = waterUITestsLaunchTests.swift; sourceTree = "<group>"; };
		6CF4987A2B962B9B006A9786 /* SwiftUIAVCaptureVideoPreviewView.swift */ = {isa = PBXFileReference; lastKnownFileType = sourcecode.swift; path = SwiftUIAVCaptureVideoPreviewView.swift; sourceTree = "<group>"; };
		6CF4987C2B962BCD006A9786 /* ActiveCameraView.swift */ = {isa = PBXFileReference; lastKnownFileType = sourcecode.swift; path = ActiveCameraView.swift; sourceTree = "<group>"; };
		6CF4987E2B962BE5006A9786 /* Resnet50.mlmodel */ = {isa = PBXFileReference; lastKnownFileType = file.mlmodel; path = Resnet50.mlmodel; sourceTree = "<group>"; };
		6CF498802B962DCC006A9786 /* MenuView.swift */ = {isa = PBXFileReference; lastKnownFileType = sourcecode.swift; path = MenuView.swift; sourceTree = "<group>"; };
/* End PBXFileReference section */

/* Begin PBXFrameworksBuildPhase section */
		6CF4983F2B926184006A9786 /* Frameworks */ = {
			isa = PBXFrameworksBuildPhase;
			buildActionMask = 2147483647;
			files = (
			);
			runOnlyForDeploymentPostprocessing = 0;
		};
		6CF498542B926187006A9786 /* Frameworks */ = {
			isa = PBXFrameworksBuildPhase;
			buildActionMask = 2147483647;
			files = (
			);
			runOnlyForDeploymentPostprocessing = 0;
		};
		6CF4985E2B926187006A9786 /* Frameworks */ = {
			isa = PBXFrameworksBuildPhase;
			buildActionMask = 2147483647;
			files = (
			);
			runOnlyForDeploymentPostprocessing = 0;
		};
/* End PBXFrameworksBuildPhase section */

/* Begin PBXGroup section */
		6CF498392B926184006A9786 = {
			isa = PBXGroup;
			children = (
				6CF498442B926184006A9786 /* water */,
				6CF4985A2B926187006A9786 /* waterTests */,
				6CF498642B926187006A9786 /* waterUITests */,
				6CF498432B926184006A9786 /* Products */,
			);
			sourceTree = "<group>";
		};
		6CF498432B926184006A9786 /* Products */ = {
			isa = PBXGroup;
			children = (
				6CF498422B926184006A9786 /* water.app */,
				6CF498572B926187006A9786 /* waterTests.xctest */,
				6CF498612B926187006A9786 /* waterUITests.xctest */,
			);
			name = Products;
			sourceTree = "<group>";
		};
		6CF498442B926184006A9786 /* water */ = {
			isa = PBXGroup;
			children = (
				0DD3174A2B9A421200F7B9D0 /* barcode.mp3 */,
				6CF4987C2B962BCD006A9786 /* ActiveCameraView.swift */,
				0DD317442B9A250800F7B9D0 /* MobileNetV2Int8LUT.mlmodel */,
				6CF4987A2B962B9B006A9786 /* SwiftUIAVCaptureVideoPreviewView.swift */,
				6CF4987E2B962BE5006A9786 /* Resnet50.mlmodel */,
				0D3E072E2B9A935600A925F1 /* Montserrat-Bold.ttf */,
				0D3E072F2B9A935600A925F1 /* Montserrat-Regular.ttf */,
				0D3E07302B9A937200A925F1 /* Info.plist */,
				6CF498452B926184006A9786 /* waterApp.swift */,
				0D3E07312B9A93BC00A925F1 /* VistaInfo.swift */,
				6CF498472B926184006A9786 /* ContentView.swift */,
				6CF498492B926187006A9786 /* Assets.xcassets */,
				6CF498802B962DCC006A9786 /* MenuView.swift */,
				6C3B32A12B97C662000DE717 /* SIS1.swift */,
				6CF4984E2B926187006A9786 /* Persistence.swift */,
				6CF498502B926187006A9786 /* water.xcdatamodeld */,
				6CF4984B2B926187006A9786 /* Preview Content */,
				6C3B329F2B97AA56000DE717 /* WaveAnimation.swift */,
			);
			path = water;
			sourceTree = "<group>";
		};
		6CF4984B2B926187006A9786 /* Preview Content */ = {
			isa = PBXGroup;
			children = (
				6CF4984C2B926187006A9786 /* Preview Assets.xcassets */,
			);
			path = "Preview Content";
			sourceTree = "<group>";
		};
		6CF4985A2B926187006A9786 /* waterTests */ = {
			isa = PBXGroup;
			children = (
				6CF4985B2B926187006A9786 /* waterTests.swift */,
			);
			path = waterTests;
			sourceTree = "<group>";
		};
		6CF498642B926187006A9786 /* waterUITests */ = {
			isa = PBXGroup;
			children = (
				6CF498652B926187006A9786 /* waterUITests.swift */,
				6CF498672B926187006A9786 /* waterUITestsLaunchTests.swift */,
			);
			path = waterUITests;
			sourceTree = "<group>";
		};
/* End PBXGroup section */

/* Begin PBXNativeTarget section */
		6CF498412B926184006A9786 /* water */ = {
			isa = PBXNativeTarget;
			buildConfigurationList = 6CF4986B2B926187006A9786 /* Build configuration list for PBXNativeTarget "water" */;
			buildPhases = (
				6CF4983E2B926184006A9786 /* Sources */,
				6CF4983F2B926184006A9786 /* Frameworks */,
				6CF498402B926184006A9786 /* Resources */,
			);
			buildRules = (
			);
			dependencies = (
			);
			name = water;
			productName = water;
			productReference = 6CF498422B926184006A9786 /* water.app */;
			productType = "com.apple.product-type.application";
		};
		6CF498562B926187006A9786 /* waterTests */ = {
			isa = PBXNativeTarget;
			buildConfigurationList = 6CF4986E2B926187006A9786 /* Build configuration list for PBXNativeTarget "waterTests" */;
			buildPhases = (
				6CF498532B926187006A9786 /* Sources */,
				6CF498542B926187006A9786 /* Frameworks */,
				6CF498552B926187006A9786 /* Resources */,
			);
			buildRules = (
			);
			dependencies = (
				6CF498592B926187006A9786 /* PBXTargetDependency */,
			);
			name = waterTests;
			productName = waterTests;
			productReference = 6CF498572B926187006A9786 /* waterTests.xctest */;
			productType = "com.apple.product-type.bundle.unit-test";
		};
		6CF498602B926187006A9786 /* waterUITests */ = {
			isa = PBXNativeTarget;
			buildConfigurationList = 6CF498712B926187006A9786 /* Build configuration list for PBXNativeTarget "waterUITests" */;
			buildPhases = (
				6CF4985D2B926187006A9786 /* Sources */,
				6CF4985E2B926187006A9786 /* Frameworks */,
				6CF4985F2B926187006A9786 /* Resources */,
			);
			buildRules = (
			);
			dependencies = (
				6CF498632B926187006A9786 /* PBXTargetDependency */,
			);
			name = waterUITests;
			productName = waterUITests;
			productReference = 6CF498612B926187006A9786 /* waterUITests.xctest */;
			productType = "com.apple.product-type.bundle.ui-testing";
		};
/* End PBXNativeTarget section */

/* Begin PBXProject section */
		6CF4983A2B926184006A9786 /* Project object */ = {
			isa = PBXProject;
			attributes = {
				BuildIndependentTargetsInParallel = 1;
				LastSwiftUpdateCheck = 1520;
				LastUpgradeCheck = 1520;
				TargetAttributes = {
					6CF498412B926184006A9786 = {
						CreatedOnToolsVersion = 15.2;
					};
					6CF498562B926187006A9786 = {
						CreatedOnToolsVersion = 15.2;
						TestTargetID = 6CF498412B926184006A9786;
					};
					6CF498602B926187006A9786 = {
						CreatedOnToolsVersion = 15.2;
						TestTargetID = 6CF498412B926184006A9786;
					};
				};
			};
			buildConfigurationList = 6CF4983D2B926184006A9786 /* Build configuration list for PBXProject "water" */;
			compatibilityVersion = "Xcode 14.0";
			developmentRegion = en;
			hasScannedForEncodings = 0;
			knownRegions = (
				en,
				Base,
			);
			mainGroup = 6CF498392B926184006A9786;
			productRefGroup = 6CF498432B926184006A9786 /* Products */;
			projectDirPath = "";
			projectRoot = "";
			targets = (
				6CF498412B926184006A9786 /* water */,
				6CF498562B926187006A9786 /* waterTests */,
				6CF498602B926187006A9786 /* waterUITests */,
			);
		};
/* End PBXProject section */

/* Begin PBXResourcesBuildPhase section */
		6CF498402B926184006A9786 /* Resources */ = {
			isa = PBXResourcesBuildPhase;
			buildActionMask = 2147483647;
			files = (
				0D3E07332B9A96D700A925F1 /* Montserrat-Bold.ttf in Resources */,
				0DD3174B2B9A421300F7B9D0 /* barcode.mp3 in Resources */,
				6CF4984D2B926187006A9786 /* Preview Assets.xcassets in Resources */,
				0D3E07342B9A96D900A925F1 /* Montserrat-Regular.ttf in Resources */,
				6CF4984A2B926187006A9786 /* Assets.xcassets in Resources */,
			);
			runOnlyForDeploymentPostprocessing = 0;
		};
		6CF498552B926187006A9786 /* Resources */ = {
			isa = PBXResourcesBuildPhase;
			buildActionMask = 2147483647;
			files = (
			);
			runOnlyForDeploymentPostprocessing = 0;
		};
		6CF4985F2B926187006A9786 /* Resources */ = {
			isa = PBXResourcesBuildPhase;
			buildActionMask = 2147483647;
			files = (
			);
			runOnlyForDeploymentPostprocessing = 0;
		};
/* End PBXResourcesBuildPhase section */

/* Begin PBXSourcesBuildPhase section */
		6CF4983E2B926184006A9786 /* Sources */ = {
			isa = PBXSourcesBuildPhase;
			buildActionMask = 2147483647;
			files = (
				6CF4987F2B962BE5006A9786 /* Resnet50.mlmodel in Sources */,
				6CF498812B962DCC006A9786 /* MenuView.swift in Sources */,
				6CF4984F2B926187006A9786 /* Persistence.swift in Sources */,
				6CF498522B926187006A9786 /* water.xcdatamodeld in Sources */,
				6CF4987B2B962B9B006A9786 /* SwiftUIAVCaptureVideoPreviewView.swift in Sources */,
				6CF4987D2B962BCD006A9786 /* ActiveCameraView.swift in Sources */,
				0DD317452B9A250900F7B9D0 /* MobileNetV2Int8LUT.mlmodel in Sources */,
				6CF498482B926184006A9786 /* ContentView.swift in Sources */,
				6C3B32A22B97C662000DE717 /* SIS1.swift in Sources */,
				0D3E07322B9A93BC00A925F1 /* VistaInfo.swift in Sources */,
				6C3B32A02B97AA56000DE717 /* WaveAnimation.swift in Sources */,
				6CF498462B926184006A9786 /* waterApp.swift in Sources */,
			);
			runOnlyForDeploymentPostprocessing = 0;
		};
		6CF498532B926187006A9786 /* Sources */ = {
			isa = PBXSourcesBuildPhase;
			buildActionMask = 2147483647;
			files = (
				6CF4985C2B926187006A9786 /* waterTests.swift in Sources */,
			);
			runOnlyForDeploymentPostprocessing = 0;
		};
		6CF4985D2B926187006A9786 /* Sources */ = {
			isa = PBXSourcesBuildPhase;
			buildActionMask = 2147483647;
			files = (
				6CF498682B926187006A9786 /* waterUITestsLaunchTests.swift in Sources */,
				6CF498662B926187006A9786 /* waterUITests.swift in Sources */,
			);
			runOnlyForDeploymentPostprocessing = 0;
		};
/* End PBXSourcesBuildPhase section */

/* Begin PBXTargetDependency section */
		6CF498592B926187006A9786 /* PBXTargetDependency */ = {
			isa = PBXTargetDependency;
			target = 6CF498412B926184006A9786 /* water */;
			targetProxy = 6CF498582B926187006A9786 /* PBXContainerItemProxy */;
		};
		6CF498632B926187006A9786 /* PBXTargetDependency */ = {
			isa = PBXTargetDependency;
			target = 6CF498412B926184006A9786 /* water */;
			targetProxy = 6CF498622B926187006A9786 /* PBXContainerItemProxy */;
		};
/* End PBXTargetDependency section */

/* Begin XCBuildConfiguration section */
		6CF498692B926187006A9786 /* Debug */ = {
			isa = XCBuildConfiguration;
			buildSettings = {
				ALWAYS_SEARCH_USER_PATHS = NO;
				ASSETCATALOG_COMPILER_GENERATE_SWIFT_ASSET_SYMBOL_EXTENSIONS = YES;
				CLANG_ANALYZER_NONNULL = YES;
				CLANG_ANALYZER_NUMBER_OBJECT_CONVERSION = YES_AGGRESSIVE;
				CLANG_CXX_LANGUAGE_STANDARD = "gnu++20";
				CLANG_ENABLE_MODULES = YES;
				CLANG_ENABLE_OBJC_ARC = YES;
				CLANG_ENABLE_OBJC_WEAK = YES;
				CLANG_WARN_BLOCK_CAPTURE_AUTORELEASING = YES;
				CLANG_WARN_BOOL_CONVERSION = YES;
				CLANG_WARN_COMMA = YES;
				CLANG_WARN_CONSTANT_CONVERSION = YES;
				CLANG_WARN_DEPRECATED_OBJC_IMPLEMENTATIONS = YES;
				CLANG_WARN_DIRECT_OBJC_ISA_USAGE = YES_ERROR;
				CLANG_WARN_DOCUMENTATION_COMMENTS = YES;
				CLANG_WARN_EMPTY_BODY = YES;
				CLANG_WARN_ENUM_CONVERSION = YES;
				CLANG_WARN_INFINITE_RECURSION = YES;
				CLANG_WARN_INT_CONVERSION = YES;
				CLANG_WARN_NON_LITERAL_NULL_CONVERSION = YES;
				CLANG_WARN_OBJC_IMPLICIT_RETAIN_SELF = YES;
				CLANG_WARN_OBJC_LITERAL_CONVERSION = YES;
				CLANG_WARN_OBJC_ROOT_CLASS = YES_ERROR;
				CLANG_WARN_QUOTED_INCLUDE_IN_FRAMEWORK_HEADER = YES;
				CLANG_WARN_RANGE_LOOP_ANALYSIS = YES;
				CLANG_WARN_STRICT_PROTOTYPES = YES;
				CLANG_WARN_SUSPICIOUS_MOVE = YES;
				CLANG_WARN_UNGUARDED_AVAILABILITY = YES_AGGRESSIVE;
				CLANG_WARN_UNREACHABLE_CODE = YES;
				CLANG_WARN__DUPLICATE_METHOD_MATCH = YES;
				COPY_PHASE_STRIP = NO;
				DEBUG_INFORMATION_FORMAT = dwarf;
				ENABLE_STRICT_OBJC_MSGSEND = YES;
				ENABLE_TESTABILITY = YES;
				ENABLE_USER_SCRIPT_SANDBOXING = YES;
				GCC_C_LANGUAGE_STANDARD = gnu17;
				GCC_DYNAMIC_NO_PIC = NO;
				GCC_NO_COMMON_BLOCKS = YES;
				GCC_OPTIMIZATION_LEVEL = 0;
				GCC_PREPROCESSOR_DEFINITIONS = (
					"DEBUG=1",
					"$(inherited)",
				);
				GCC_WARN_64_TO_32_BIT_CONVERSION = YES;
				GCC_WARN_ABOUT_RETURN_TYPE = YES_ERROR;
				GCC_WARN_UNDECLARED_SELECTOR = YES;
				GCC_WARN_UNINITIALIZED_AUTOS = YES_AGGRESSIVE;
				GCC_WARN_UNUSED_FUNCTION = YES;
				GCC_WARN_UNUSED_VARIABLE = YES;
				IPHONEOS_DEPLOYMENT_TARGET = 17.2;
				LOCALIZATION_PREFERS_STRING_CATALOGS = YES;
				MTL_ENABLE_DEBUG_INFO = INCLUDE_SOURCE;
				MTL_FAST_MATH = YES;
				ONLY_ACTIVE_ARCH = YES;
				SDKROOT = iphoneos;
				SWIFT_ACTIVE_COMPILATION_CONDITIONS = "DEBUG $(inherited)";
				SWIFT_OPTIMIZATION_LEVEL = "-Onone";
			};
			name = Debug;
		};
		6CF4986A2B926187006A9786 /* Release */ = {
			isa = XCBuildConfiguration;
			buildSettings = {
				ALWAYS_SEARCH_USER_PATHS = NO;
				ASSETCATALOG_COMPILER_GENERATE_SWIFT_ASSET_SYMBOL_EXTENSIONS = YES;
				CLANG_ANALYZER_NONNULL = YES;
				CLANG_ANALYZER_NUMBER_OBJECT_CONVERSION = YES_AGGRESSIVE;
				CLANG_CXX_LANGUAGE_STANDARD = "gnu++20";
				CLANG_ENABLE_MODULES = YES;
				CLANG_ENABLE_OBJC_ARC = YES;
				CLANG_ENABLE_OBJC_WEAK = YES;
				CLANG_WARN_BLOCK_CAPTURE_AUTORELEASING = YES;
				CLANG_WARN_BOOL_CONVERSION = YES;
				CLANG_WARN_COMMA = YES;
				CLANG_WARN_CONSTANT_CONVERSION = YES;
				CLANG_WARN_DEPRECATED_OBJC_IMPLEMENTATIONS = YES;
				CLANG_WARN_DIRECT_OBJC_ISA_USAGE = YES_ERROR;
				CLANG_WARN_DOCUMENTATION_COMMENTS = YES;
				CLANG_WARN_EMPTY_BODY = YES;
				CLANG_WARN_ENUM_CONVERSION = YES;
				CLANG_WARN_INFINITE_RECURSION = YES;
				CLANG_WARN_INT_CONVERSION = YES;
				CLANG_WARN_NON_LITERAL_NULL_CONVERSION = YES;
				CLANG_WARN_OBJC_IMPLICIT_RETAIN_SELF = YES;
				CLANG_WARN_OBJC_LITERAL_CONVERSION = YES;
				CLANG_WARN_OBJC_ROOT_CLASS = YES_ERROR;
				CLANG_WARN_QUOTED_INCLUDE_IN_FRAMEWORK_HEADER = YES;
				CLANG_WARN_RANGE_LOOP_ANALYSIS = YES;
				CLANG_WARN_STRICT_PROTOTYPES = YES;
				CLANG_WARN_SUSPICIOUS_MOVE = YES;
				CLANG_WARN_UNGUARDED_AVAILABILITY = YES_AGGRESSIVE;
				CLANG_WARN_UNREACHABLE_CODE = YES;
				CLANG_WARN__DUPLICATE_METHOD_MATCH = YES;
				COPY_PHASE_STRIP = NO;
				DEBUG_INFORMATION_FORMAT = "dwarf-with-dsym";
				ENABLE_NS_ASSERTIONS = NO;
				ENABLE_STRICT_OBJC_MSGSEND = YES;
				ENABLE_USER_SCRIPT_SANDBOXING = YES;
				GCC_C_LANGUAGE_STANDARD = gnu17;
				GCC_NO_COMMON_BLOCKS = YES;
				GCC_WARN_64_TO_32_BIT_CONVERSION = YES;
				GCC_WARN_ABOUT_RETURN_TYPE = YES_ERROR;
				GCC_WARN_UNDECLARED_SELECTOR = YES;
				GCC_WARN_UNINITIALIZED_AUTOS = YES_AGGRESSIVE;
				GCC_WARN_UNUSED_FUNCTION = YES;
				GCC_WARN_UNUSED_VARIABLE = YES;
				IPHONEOS_DEPLOYMENT_TARGET = 17.2;
				LOCALIZATION_PREFERS_STRING_CATALOGS = YES;
				MTL_ENABLE_DEBUG_INFO = NO;
				MTL_FAST_MATH = YES;
				SDKROOT = iphoneos;
				SWIFT_COMPILATION_MODE = wholemodule;
				VALIDATE_PRODUCT = YES;
			};
			name = Release;
		};
		6CF4986C2B926187006A9786 /* Debug */ = {
			isa = XCBuildConfiguration;
			buildSettings = {
				ASSETCATALOG_COMPILER_APPICON_NAME = AppIcon;
				ASSETCATALOG_COMPILER_GLOBAL_ACCENT_COLOR_NAME = AccentColor;
				CODE_SIGN_STYLE = Automatic;
				CURRENT_PROJECT_VERSION = 1;
				DEVELOPMENT_ASSET_PATHS = "\"water/Preview Content\"";
				DEVELOPMENT_TEAM = GA3DFCSW57;
				ENABLE_PREVIEWS = YES;
				GENERATE_INFOPLIST_FILE = YES;
				INFOPLIST_FILE = water/Info.plist;
				INFOPLIST_KEY_LSApplicationCategoryType = "";
				INFOPLIST_KEY_NSCameraUsageDescription = "";
				INFOPLIST_KEY_UIApplicationSceneManifest_Generation = YES;
				INFOPLIST_KEY_UIApplicationSupportsIndirectInputEvents = YES;
				INFOPLIST_KEY_UILaunchScreen_Generation = YES;
				INFOPLIST_KEY_UISupportedInterfaceOrientations_iPad = "UIInterfaceOrientationPortrait UIInterfaceOrientationPortraitUpsideDown UIInterfaceOrientationLandscapeLeft UIInterfaceOrientationLandscapeRight";
				INFOPLIST_KEY_UISupportedInterfaceOrientations_iPhone = "UIInterfaceOrientationPortrait UIInterfaceOrientationLandscapeLeft UIInterfaceOrientationLandscapeRight";
				LD_RUNPATH_SEARCH_PATHS = (
					"$(inherited)",
					"@executable_path/Frameworks",
				);
				MARKETING_VERSION = 1.0;
				PRODUCT_BUNDLE_IDENTIFIER = app.water009;
				PRODUCT_NAME = "$(TARGET_NAME)";
				SWIFT_EMIT_LOC_STRINGS = YES;
				SWIFT_VERSION = 5.0;
				TARGETED_DEVICE_FAMILY = "1,2";
			};
			name = Debug;
		};
		6CF4986D2B926187006A9786 /* Release */ = {
			isa = XCBuildConfiguration;
			buildSettings = {
				ASSETCATALOG_COMPILER_APPICON_NAME = AppIcon;
				ASSETCATALOG_COMPILER_GLOBAL_ACCENT_COLOR_NAME = AccentColor;
				CODE_SIGN_STYLE = Automatic;
				CURRENT_PROJECT_VERSION = 1;
				DEVELOPMENT_ASSET_PATHS = "\"water/Preview Content\"";
				DEVELOPMENT_TEAM = ZKS2NRWRZN;
				ENABLE_PREVIEWS = YES;
				GENERATE_INFOPLIST_FILE = YES;
				INFOPLIST_FILE = water/Info.plist;
				INFOPLIST_KEY_LSApplicationCategoryType = "";
				INFOPLIST_KEY_NSCameraUsageDescription = "";
				INFOPLIST_KEY_UIApplicationSceneManifest_Generation = YES;
				INFOPLIST_KEY_UIApplicationSupportsIndirectInputEvents = YES;
				INFOPLIST_KEY_UILaunchScreen_Generation = YES;
				INFOPLIST_KEY_UISupportedInterfaceOrientations_iPad = "UIInterfaceOrientationPortrait UIInterfaceOrientationPortraitUpsideDown UIInterfaceOrientationLandscapeLeft UIInterfaceOrientationLandscapeRight";
				INFOPLIST_KEY_UISupportedInterfaceOrientations_iPhone = "UIInterfaceOrientationPortrait UIInterfaceOrientationLandscapeLeft UIInterfaceOrientationLandscapeRight";
				LD_RUNPATH_SEARCH_PATHS = (
					"$(inherited)",
					"@executable_path/Frameworks",
				);
				MARKETING_VERSION = 1.0;
				PRODUCT_BUNDLE_IDENTIFIER = app.water009;
				PRODUCT_NAME = "$(TARGET_NAME)";
				SWIFT_EMIT_LOC_STRINGS = YES;
				SWIFT_VERSION = 5.0;
				TARGETED_DEVICE_FAMILY = "1,2";
			};
			name = Release;
		};
		6CF4986F2B926187006A9786 /* Debug */ = {
			isa = XCBuildConfiguration;
			buildSettings = {
				ALWAYS_EMBED_SWIFT_STANDARD_LIBRARIES = YES;
				BUNDLE_LOADER = "$(TEST_HOST)";
				CODE_SIGN_STYLE = Automatic;
				CURRENT_PROJECT_VERSION = 1;
				DEVELOPMENT_TEAM = ZKS2NRWRZN;
				GENERATE_INFOPLIST_FILE = YES;
				IPHONEOS_DEPLOYMENT_TARGET = 17.2;
				MARKETING_VERSION = 1.0;
				PRODUCT_BUNDLE_IDENTIFIER = app.waterTests;
				PRODUCT_NAME = "$(TARGET_NAME)";
				SWIFT_EMIT_LOC_STRINGS = NO;
				SWIFT_VERSION = 5.0;
				TARGETED_DEVICE_FAMILY = "1,2";
				TEST_HOST = "$(BUILT_PRODUCTS_DIR)/water.app/$(BUNDLE_EXECUTABLE_FOLDER_PATH)/water";
			};
			name = Debug;
		};
		6CF498702B926187006A9786 /* Release */ = {
			isa = XCBuildConfiguration;
			buildSettings = {
				ALWAYS_EMBED_SWIFT_STANDARD_LIBRARIES = YES;
				BUNDLE_LOADER = "$(TEST_HOST)";
				CODE_SIGN_STYLE = Automatic;
				CURRENT_PROJECT_VERSION = 1;
				DEVELOPMENT_TEAM = ZKS2NRWRZN;
				GENERATE_INFOPLIST_FILE = YES;
				IPHONEOS_DEPLOYMENT_TARGET = 17.2;
				MARKETING_VERSION = 1.0;
				PRODUCT_BUNDLE_IDENTIFIER = app.waterTests;
				PRODUCT_NAME = "$(TARGET_NAME)";
				SWIFT_EMIT_LOC_STRINGS = NO;
				SWIFT_VERSION = 5.0;
				TARGETED_DEVICE_FAMILY = "1,2";
				TEST_HOST = "$(BUILT_PRODUCTS_DIR)/water.app/$(BUNDLE_EXECUTABLE_FOLDER_PATH)/water";
			};
			name = Release;
		};
		6CF498722B926187006A9786 /* Debug */ = {
			isa = XCBuildConfiguration;
			buildSettings = {
				ALWAYS_EMBED_SWIFT_STANDARD_LIBRARIES = YES;
				CODE_SIGN_STYLE = Automatic;
				CURRENT_PROJECT_VERSION = 1;
				DEVELOPMENT_TEAM = ZKS2NRWRZN;
				GENERATE_INFOPLIST_FILE = YES;
				MARKETING_VERSION = 1.0;
				PRODUCT_BUNDLE_IDENTIFIER = app.waterUITests;
				PRODUCT_NAME = "$(TARGET_NAME)";
				SWIFT_EMIT_LOC_STRINGS = NO;
				SWIFT_VERSION = 5.0;
				TARGETED_DEVICE_FAMILY = "1,2";
				TEST_TARGET_NAME = water;
			};
			name = Debug;
		};
		6CF498732B926187006A9786 /* Release */ = {
			isa = XCBuildConfiguration;
			buildSettings = {
				ALWAYS_EMBED_SWIFT_STANDARD_LIBRARIES = YES;
				CODE_SIGN_STYLE = Automatic;
				CURRENT_PROJECT_VERSION = 1;
				DEVELOPMENT_TEAM = ZKS2NRWRZN;
				GENERATE_INFOPLIST_FILE = YES;
				MARKETING_VERSION = 1.0;
				PRODUCT_BUNDLE_IDENTIFIER = app.waterUITests;
				PRODUCT_NAME = "$(TARGET_NAME)";
				SWIFT_EMIT_LOC_STRINGS = NO;
				SWIFT_VERSION = 5.0;
				TARGETED_DEVICE_FAMILY = "1,2";
				TEST_TARGET_NAME = water;
			};
			name = Release;
		};
/* End XCBuildConfiguration section */

/* Begin XCConfigurationList section */
		6CF4983D2B926184006A9786 /* Build configuration list for PBXProject "water" */ = {
			isa = XCConfigurationList;
			buildConfigurations = (
				6CF498692B926187006A9786 /* Debug */,
				6CF4986A2B926187006A9786 /* Release */,
			);
			defaultConfigurationIsVisible = 0;
			defaultConfigurationName = Release;
		};
		6CF4986B2B926187006A9786 /* Build configuration list for PBXNativeTarget "water" */ = {
			isa = XCConfigurationList;
			buildConfigurations = (
				6CF4986C2B926187006A9786 /* Debug */,
				6CF4986D2B926187006A9786 /* Release */,
			);
			defaultConfigurationIsVisible = 0;
			defaultConfigurationName = Release;
		};
		6CF4986E2B926187006A9786 /* Build configuration list for PBXNativeTarget "waterTests" */ = {
			isa = XCConfigurationList;
			buildConfigurations = (
				6CF4986F2B926187006A9786 /* Debug */,
				6CF498702B926187006A9786 /* Release */,
			);
			defaultConfigurationIsVisible = 0;
			defaultConfigurationName = Release;
		};
		6CF498712B926187006A9786 /* Build configuration list for PBXNativeTarget "waterUITests" */ = {
			isa = XCConfigurationList;
			buildConfigurations = (
				6CF498722B926187006A9786 /* Debug */,
				6CF498732B926187006A9786 /* Release */,
			);
			defaultConfigurationIsVisible = 0;
			defaultConfigurationName = Release;
		};
/* End XCConfigurationList section */

/* Begin XCVersionGroup section */
		6CF498502B926187006A9786 /* water.xcdatamodeld */ = {
			isa = XCVersionGroup;
			children = (
				6CF498512B926187006A9786 /* water.xcdatamodel */,
			);
			currentVersion = 6CF498512B926187006A9786 /* water.xcdatamodel */;
			path = water.xcdatamodeld;
			sourceTree = "<group>";
			versionGroupType = wrapper.xcdatamodel;
		};
/* End XCVersionGroup section */
	};
	rootObject = 6CF4983A2B926184006A9786 /* Project object */;
}
